
Microsoft Visual Studio Solution File, Format Version 12.00
# Visual Studio Version 16
VisualStudioVersion = 16.0.28803.352
MinimumVisualStudioVersion = 10.0.40219.1
Project("{9A19103F-16F7-4668-BE54-9A1E7A4F7556}") = "TimeTrackingApi", "TimeTrackingApi\TimeTrackingApi.csproj", "{A8E902B3-EB7E-4BC8-B6F9-493A155340E2}"
EndProject
Project("{9A19103F-16F7-4668-BE54-9A1E7A4F7556}") = "Domain", "Domain\Domain.csproj", "{9DD62ED1-F103-45ED-8CC8-DD02259CB5DE}"
EndProject
Project("{9A19103F-16F7-4668-BE54-9A1E7A4F7556}") = "Data", "Data\Data.csproj", "{2F3AE1CC-2D52-48D1-8133-635A949A3126}"
EndProject
Project("{FAE04EC0-301F-11D3-BF4B-00C04F79EFBC}") = "TimeTrackingApi.Tests", "TimeTrackingApi.Tests\TimeTrackingApi.Tests.csproj", "{C361A4DC-9321-4972-8A5D-361F05E1A88F}"
EndProject
Global
	GlobalSection(SolutionConfigurationPlatforms) = preSolution
		Debug|Any CPU = Debug|Any CPU
		Release|Any CPU = Release|Any CPU
	EndGlobalSection
	GlobalSection(ProjectConfigurationPlatforms) = postSolution
		{A8E902B3-EB7E-4BC8-B6F9-493A155340E2}.Debug|Any CPU.ActiveCfg = Debug|Any CPU
		{A8E902B3-EB7E-4BC8-B6F9-493A155340E2}.Debug|Any CPU.Build.0 = Debug|Any CPU
		{A8E902B3-EB7E-4BC8-B6F9-493A155340E2}.Release|Any CPU.ActiveCfg = Release|Any CPU
		{A8E902B3-EB7E-4BC8-B6F9-493A155340E2}.Release|Any CPU.Build.0 = Release|Any CPU
		{9DD62ED1-F103-45ED-8CC8-DD02259CB5DE}.Debug|Any CPU.ActiveCfg = Debug|Any CPU
		{9DD62ED1-F103-45ED-8CC8-DD02259CB5DE}.Debug|Any CPU.Build.0 = Debug|Any CPU
		{9DD62ED1-F103-45ED-8CC8-DD02259CB5DE}.Release|Any CPU.ActiveCfg = Release|Any CPU
		{9DD62ED1-F103-45ED-8CC8-DD02259CB5DE}.Release|Any CPU.Build.0 = Release|Any CPU
		{2F3AE1CC-2D52-48D1-8133-635A949A3126}.Debug|Any CPU.ActiveCfg = Debug|Any CPU
		{2F3AE1CC-2D52-48D1-8133-635A949A3126}.Debug|Any CPU.Build.0 = Debug|Any CPU
		{2F3AE1CC-2D52-48D1-8133-635A949A3126}.Release|Any CPU.ActiveCfg = Release|Any CPU
		{2F3AE1CC-2D52-48D1-8133-635A949A3126}.Release|Any CPU.Build.0 = Release|Any CPU
		{C361A4DC-9321-4972-8A5D-361F05E1A88F}.Debug|Any CPU.ActiveCfg = Debug|Any CPU
		{C361A4DC-9321-4972-8A5D-361F05E1A88F}.Debug|Any CPU.Build.0 = Debug|Any CPU
		{C361A4DC-9321-4972-8A5D-361F05E1A88F}.Release|Any CPU.ActiveCfg = Release|Any CPU
		{C361A4DC-9321-4972-8A5D-361F05E1A88F}.Release|Any CPU.Build.0 = Release|Any CPU
	EndGlobalSection
	GlobalSection(SolutionProperties) = preSolution
		HideSolutionNode = FALSE
	EndGlobalSection
	GlobalSection(ExtensibilityGlobals) = postSolution
		SolutionGuid = {8966B1BE-C35E-4EEE-B79B-85685FF7DF2E}
	EndGlobalSection
EndGlobal
